
Microsoft Visual Studio Solution File, Format Version 12.00
# Visual Studio Version 17
VisualStudioVersion = 17.11.35327.3
MinimumVisualStudioVersion = 10.0.40219.1
Project("{2150E333-8FDC-42A3-9474-1A3956D46DE8}") = "App", "App", "{093125AD-F09E-443E-B225-6478F8A127A0}"
EndProject
Project("{2150E333-8FDC-42A3-9474-1A3956D46DE8}") = "Core", "Core", "{8BDB4704-F681-44FC-BDD5-B7A1460D3FC3}"
EndProject
Project("{FAE04EC0-301F-11D3-BF4B-00C04F79EFBC}") = "Core", "Core\Core.csproj", "{F76063C6-633E-4F4F-B02A-50DE133B33C5}"
EndProject
Global
	GlobalSection(SolutionConfigurationPlatforms) = preSolution
		Debug|Any CPU = Debug|Any CPU
		Release|Any CPU = Release|Any CPU
	EndGlobalSection
	GlobalSection(ProjectConfigurationPlatforms) = postSolution
		{F76063C6-633E-4F4F-B02A-50DE133B33C5}.Debug|Any CPU.ActiveCfg = Debug|Any CPU
		{F76063C6-633E-4F4F-B02A-50DE133B33C5}.Debug|Any CPU.Build.0 = Debug|Any CPU
		{F76063C6-633E-4F4F-B02A-50DE133B33C5}.Release|Any CPU.ActiveCfg = Release|Any CPU
		{F76063C6-633E-4F4F-B02A-50DE133B33C5}.Release|Any CPU.Build.0 = Release|Any CPU
	EndGlobalSection
	GlobalSection(SolutionProperties) = preSolution
		HideSolutionNode = FALSE
	EndGlobalSection
	GlobalSection(NestedProjects) = preSolution
		{F76063C6-633E-4F4F-B02A-50DE133B33C5} = {8BDB4704-F681-44FC-BDD5-B7A1460D3FC3}
	EndGlobalSection
	GlobalSection(ExtensibilityGlobals) = postSolution
		SolutionGuid = {56BFB130-C1DC-4EF8-9067-0A4CC2271784}
	EndGlobalSection
EndGlobal
